{
  "version": 4,
  "terraform_version": "1.15.4",
  "serial": 9,
  "lineage": "f6ca745e-c5ad-952e-7069-8a3e3d2edbdf",
  "outputs": {},
  "resources": [
    {
      "mode": "managed",
      "type": "local_file",
      "name": "demo_file",
      "provider": "provider[\"registry.terraform.io/hashicorp/local\"]",
      "instances": [
        {
          "schema_version": 0,
          "attributes": {
            "content": "Hello, good afternoon!",
            "content_base64": null,
            "content_base64sha256": "v5jw15OKQ4CyDAr7qxuX3Fbo7NDqJTtqmQhyot2J6Qc=",
            "content_base64sha512": "+yad3p66/2RjiMjuLxAPFZFLPk5hOT/CraRKh2aSXfAd7q4nKi0YgD5aCbemCLPiZCNDoRw8XsU0b3VRY7Ymaw==",
            "content_md5": "6726dd6c46b177c079e00688abfbdbf8",
            "content_sha1": "1673fc3ed01fcb2c23e7fcccd1ad87b0d63c0b5d",
            "content_sha256": "bf98f0d7938a4380b20c0afbab1b97dc56e8ecd0ea253b6a990872a2dd89e907",
            "content_sha512": "fb269dde9ebaff646388c8ee2f100f15914b3e4e61393fc2ada44a8766925df01deeae272a2d18803e5a09b7a608b3e2642343a11c3c5ec5346f755163b6266b",
            "directory_permission": "0777",
            "file_permission": "0777",
            "filename": "./demo.txt",
            "id": "1673fc3ed01fcb2c23e7fcccd1ad87b0d63c0b5d",
            "sensitive_content": null,
            "source": null
          },
          "sensitive_attributes": [
            [
              {
                "type": "get_attr",
                "value": "sensitive_content"
              }
            ]
          ],
          "identity_schema_version": 0
        }
      ]
    },
    {
      "mode": "managed",
      "type": "local_file",
      "name": "sample_file",
      "provider": "provider[\"registry.terraform.io/hashicorp/local\"]",
      "instances": [
        {
          "schema_version": 0,
          "attributes": {
            "content": "Hello, good afternoon!",
            "content_base64": null,
            "content_base64sha256": "v5jw15OKQ4CyDAr7qxuX3Fbo7NDqJTtqmQhyot2J6Qc=",
            "content_base64sha512": "+yad3p66/2RjiMjuLxAPFZFLPk5hOT/CraRKh2aSXfAd7q4nKi0YgD5aCbemCLPiZCNDoRw8XsU0b3VRY7Ymaw==",
            "content_md5": "6726dd6c46b177c079e00688abfbdbf8",
            "content_sha1": "1673fc3ed01fcb2c23e7fcccd1ad87b0d63c0b5d",
            "content_sha256": "bf98f0d7938a4380b20c0afbab1b97dc56e8ecd0ea253b6a990872a2dd89e907",
            "content_sha512": "fb269dde9ebaff646388c8ee2f100f15914b3e4e61393fc2ada44a8766925df01deeae272a2d18803e5a09b7a608b3e2642343a11c3c5ec5346f755163b6266b",
            "directory_permission": "0777",
            "file_permission": "0777",
            "filename": "./sample.txt",
            "id": "1673fc3ed01fcb2c23e7fcccd1ad87b0d63c0b5d",
            "sensitive_content": null,
            "source": null
          },
          "sensitive_attributes": [
            [
              {
                "type": "get_attr",
                "value": "sensitive_content"
              }
            ]
          ],
          "identity_schema_version": 0
        }
      ]
    }
  ],
  "check_results": null
}
