{
  "version": 4,
  "terraform_version": "1.15.4",
  "serial": 12,
  "lineage": "f6ca745e-c5ad-952e-7069-8a3e3d2edbdf",
  "outputs": {},
  "resources": [
    {
      "mode": "managed",
      "type": "local_file",
      "name": "demo_file",
      "provider": "provider[\"registry.terraform.io/hashicorp/local\"]",
      "instances": [
        {
          "schema_version": 0,
          "attributes": {
            "content": "Hello, good afternoon!",
            "content_base64": null,
            "content_base64sha256": "v5jw15OKQ4CyDAr7qxuX3Fbo7NDqJTtqmQhyot2J6Qc=",
            "content_base64sha512": "+yad3p66/2RjiMjuLxAPFZFLPk5hOT/CraRKh2aSXfAd7q4nKi0YgD5aCbemCLPiZCNDoRw8XsU0b3VRY7Ymaw==",
            "content_md5": "6726dd6c46b177c079e00688abfbdbf8",
            "content_sha1": "1673fc3ed01fcb2c23e7fcccd1ad87b0d63c0b5d",
            "content_sha256": "bf98f0d7938a4380b20c0afbab1b97dc56e8ecd0ea253b6a990872a2dd89e907",
            "content_sha512": "fb269dde9ebaff646388c8ee2f100f15914b3e4e61393fc2ada44a8766925df01deeae272a2d18803e5a09b7a608b3e2642343a11c3c5ec5346f755163b6266b",
            "directory_permission": "0777",
            "file_permission": "0777",
            "filename": "./demo.txt",
            "id": "1673fc3ed01fcb2c23e7fcccd1ad87b0d63c0b5d",
            "sensitive_content": null,
            "source": null
          },
          "sensitive_attributes": [
            [
              {
                "type": "get_attr",
                "value": "sensitive_content"
              }
            ]
          ],
          "identity_schema_version": 0
        }
      ]
    },
    {
      "mode": "managed",
      "type": "local_file",
      "name": "sample_file",
      "provider": "provider[\"registry.terraform.io/hashicorp/local\"]",
      "instances": [
        {
          "schema_version": 0,
          "attributes": {
            "content": "Hello, good afternoon!",
            "content_base64": null,
            "content_base64sha256": "v5jw15OKQ4CyDAr7qxuX3Fbo7NDqJTtqmQhyot2J6Qc=",
            "content_base64sha512": "+yad3p66/2RjiMjuLxAPFZFLPk5hOT/CraRKh2aSXfAd7q4nKi0YgD5aCbemCLPiZCNDoRw8XsU0b3VRY7Ymaw==",
            "content_md5": "6726dd6c46b177c079e00688abfbdbf8",
            "content_sha1": "1673fc3ed01fcb2c23e7fcccd1ad87b0d63c0b5d",
            "content_sha256": "bf98f0d7938a4380b20c0afbab1b97dc56e8ecd0ea253b6a990872a2dd89e907",
            "content_sha512": "fb269dde9ebaff646388c8ee2f100f15914b3e4e61393fc2ada44a8766925df01deeae272a2d18803e5a09b7a608b3e2642343a11c3c5ec5346f755163b6266b",
            "directory_permission": "0777",
            "file_permission": "0777",
            "filename": "./sample.txt",
            "id": "1673fc3ed01fcb2c23e7fcccd1ad87b0d63c0b5d",
            "sensitive_content": null,
            "source": null
          },
          "sensitive_attributes": [
            [
              {
                "type": "get_attr",
                "value": "sensitive_content"
              }
            ]
          ],
          "identity_schema_version": 0
        }
      ]
    },
    {
      "module": "module.sub_module-01",
      "mode": "managed",
      "type": "local_file",
      "name": "Module-01_file",
      "provider": "provider[\"registry.terraform.io/hashicorp/local\"]",
      "instances": [
        {
          "schema_version": 0,
          "attributes": {
            "content": "This is a sample file in Module1",
            "content_base64": null,
            "content_base64sha256": "GVKSpKhuoVYt1fNxzp0E3Bv3oTU/lrWybyepNrPiKxw=",
            "content_base64sha512": "X36JMv6T9CIO+twn0Yj+hflpk/pa3xSYRH/QT8YNtFqWWfDFpfWbqeXZqDrB7ttSost6dvdg3eUKXd8WmNSt9g==",
            "content_md5": "68accc7545e86c377ce9a8d679b35179",
            "content_sha1": "a5f90950f108546e50f5720adca4c199ec1dba7a",
            "content_sha256": "195292a4a86ea1562dd5f371ce9d04dc1bf7a1353f96b5b26f27a936b3e22b1c",
            "content_sha512": "5f7e8932fe93f4220efadc27d188fe85f96993fa5adf1498447fd04fc60db45a9659f0c5a5f59ba9e5d9a83ac1eedb52a2cb7a76f760dde50a5ddf1698d4adf6",
            "directory_permission": "0777",
            "file_permission": "0777",
            "filename": "Modules/Module-01/Module-01_file.txt",
            "id": "a5f90950f108546e50f5720adca4c199ec1dba7a",
            "sensitive_content": null,
            "source": null
          },
          "sensitive_attributes": [
            [
              {
                "type": "get_attr",
                "value": "sensitive_content"
              }
            ]
          ],
          "identity_schema_version": 0
        }
      ]
    },
    {
      "module": "module.sub_module-01.module.sub_module-02",
      "mode": "managed",
      "type": "local_file",
      "name": "Module-02_file",
      "provider": "provider[\"registry.terraform.io/hashicorp/local\"]",
      "instances": [
        {
          "schema_version": 0,
          "attributes": {
            "content": "This is a sample file in Module2",
            "content_base64": null,
            "content_base64sha256": "1/5U1VwMa8yunJ0HmT1UDgdv4rqcQnpgcmt3dWikDWY=",
            "content_base64sha512": "UBT4MJ89pO59YzFBq40EhLVueqUodGmaAADNkHbpqQ++uK7ebLmcoFoHMtgygOHneJ8c/OTeB/ksMX4j/smYkg==",
            "content_md5": "38cedd9b528379c2211dc99b9c2679e6",
            "content_sha1": "05df906129d42e6a174e59c99c015fa8397a80e1",
            "content_sha256": "d7fe54d55c0c6bccae9c9d07993d540e076fe2ba9c427a60726b777568a40d66",
            "content_sha512": "5014f8309f3da4ee7d633141ab8d0484b56e7aa52874699a0000cd9076e9a90fbeb8aede6cb99ca05a0732d83280e1e7789f1cfce4de07f92c317e23fec99892",
            "directory_permission": "0777",
            "file_permission": "0777",
            "filename": "Modules/Module-01/Module-02/Module-02_file.txt",
            "id": "05df906129d42e6a174e59c99c015fa8397a80e1",
            "sensitive_content": null,
            "source": null
          },
          "sensitive_attributes": [
            [
              {
                "type": "get_attr",
                "value": "sensitive_content"
              }
            ]
          ],
          "identity_schema_version": 0
        }
      ]
    }
  ],
  "check_results": null
}
